
Microsoft Visual Studio Solution File, Format Version 12.00
# Visual Studio Version 17
VisualStudioVersion = 17.8.34309.116
MinimumVisualStudioVersion = 10.0.40219.1
Project("{FAE04EC0-301F-11D3-BF4B-00C04F79EFBC}") = "gametop", "gametop\gametop.csproj", "{0DA2C0B5-4F6E-493F-A0C4-2406265178B2}"
EndProject
Global
	GlobalSection(SolutionConfigurationPlatforms) = preSolution
		Debug|Any CPU = Debug|Any CPU
		Release|Any CPU = Release|Any CPU
	EndGlobalSection
	GlobalSection(ProjectConfigurationPlatforms) = postSolution
		{0DA2C0B5-4F6E-493F-A0C4-2406265178B2}.Debug|Any CPU.ActiveCfg = Debug|Any CPU
		{0DA2C0B5-4F6E-493F-A0C4-2406265178B2}.Debug|Any CPU.Build.0 = Debug|Any CPU
		{0DA2C0B5-4F6E-493F-A0C4-2406265178B2}.Release|Any CPU.ActiveCfg = Release|Any CPU
		{0DA2C0B5-4F6E-493F-A0C4-2406265178B2}.Release|Any CPU.Build.0 = Release|Any CPU
	EndGlobalSection
	GlobalSection(SolutionProperties) = preSolution
		HideSolutionNode = FALSE
	EndGlobalSection
	GlobalSection(ExtensibilityGlobals) = postSolution
		SolutionGuid = {39D1D78E-FC98-4D09-9BAE-B902F3E6BEC8}
	EndGlobalSection
EndGlobal
